
Microsoft Visual Studio Solution File, Format Version 12.00
# Visual Studio Version 17
VisualStudioVersion = 17.5.33516.290
MinimumVisualStudioVersion = 10.0.40219.1
Project("{FAE04EC0-301F-11D3-BF4B-00C04F79EFBC}") = "FigureArea", "FigureArea\FigureArea.csproj", "{BB7F91A9-EB9C-42EF-AD2C-1260C4C971C4}"
EndProject
Project("{FAE04EC0-301F-11D3-BF4B-00C04F79EFBC}") = "FigureAreaTests", "FigureAreaTests\FigureAreaTests.csproj", "{20CCFB73-AFD9-4991-96E4-A4FBD93E274E}"
EndProject
Global
	GlobalSection(SolutionConfigurationPlatforms) = preSolution
		Debug|Any CPU = Debug|Any CPU
		Release|Any CPU = Release|Any CPU
	EndGlobalSection
	GlobalSection(ProjectConfigurationPlatforms) = postSolution
		{BB7F91A9-EB9C-42EF-AD2C-1260C4C971C4}.Debug|Any CPU.ActiveCfg = Debug|Any CPU
		{BB7F91A9-EB9C-42EF-AD2C-1260C4C971C4}.Debug|Any CPU.Build.0 = Debug|Any CPU
		{BB7F91A9-EB9C-42EF-AD2C-1260C4C971C4}.Release|Any CPU.ActiveCfg = Release|Any CPU
		{BB7F91A9-EB9C-42EF-AD2C-1260C4C971C4}.Release|Any CPU.Build.0 = Release|Any CPU
		{20CCFB73-AFD9-4991-96E4-A4FBD93E274E}.Debug|Any CPU.ActiveCfg = Debug|Any CPU
		{20CCFB73-AFD9-4991-96E4-A4FBD93E274E}.Debug|Any CPU.Build.0 = Debug|Any CPU
		{20CCFB73-AFD9-4991-96E4-A4FBD93E274E}.Release|Any CPU.ActiveCfg = Release|Any CPU
		{20CCFB73-AFD9-4991-96E4-A4FBD93E274E}.Release|Any CPU.Build.0 = Release|Any CPU
	EndGlobalSection
	GlobalSection(SolutionProperties) = preSolution
		HideSolutionNode = FALSE
	EndGlobalSection
	GlobalSection(ExtensibilityGlobals) = postSolution
		SolutionGuid = {7E49A4CE-8E19-4773-BA71-44E06B9539CA}
	EndGlobalSection
EndGlobal
